
Microsoft Visual Studio Solution File, Format Version 12.00
# Visual Studio Version 17
VisualStudioVersion = 17.0.31903.59
MinimumVisualStudioVersion = 10.0.40219.1
Project("{FAE04EC0-301F-11D3-BF4B-00C04F79EFBC}") = "minecraftsoundtest", "minecraftsoundtest.csproj", "{9043DA29-4731-4C14-89C8-70BCAD6D6A05}"
EndProject
Global
	GlobalSection(SolutionConfigurationPlatforms) = preSolution
		Debug|Any CPU = Debug|Any CPU
		Debug|x64 = Debug|x64
		Release|Any CPU = Release|Any CPU
		Release|x64 = Release|x64
	EndGlobalSection
	GlobalSection(ProjectConfigurationPlatforms) = postSolution
		{9043DA29-4731-4C14-89C8-70BCAD6D6A05}.Debug|Any CPU.ActiveCfg = Debug|Any CPU
		{9043DA29-4731-4C14-89C8-70BCAD6D6A05}.Debug|Any CPU.Build.0 = Debug|Any CPU
		{9043DA29-4731-4C14-89C8-70BCAD6D6A05}.Debug|x64.ActiveCfg = Debug|x64
		{9043DA29-4731-4C14-89C8-70BCAD6D6A05}.Debug|x64.Build.0 = Debug|x64
		{9043DA29-4731-4C14-89C8-70BCAD6D6A05}.Release|Any CPU.ActiveCfg = Release|Any CPU
		{9043DA29-4731-4C14-89C8-70BCAD6D6A05}.Release|Any CPU.Build.0 = Release|Any CPU
		{9043DA29-4731-4C14-89C8-70BCAD6D6A05}.Release|x64.ActiveCfg = Release|x64
		{9043DA29-4731-4C14-89C8-70BCAD6D6A05}.Release|x64.Build.0 = Release|x64
	EndGlobalSection
	GlobalSection(SolutionProperties) = preSolution
		HideSolutionNode = FALSE
	EndGlobalSection
	GlobalSection(ExtensibilityGlobals) = postSolution
		SolutionGuid = {21FA5597-2392-4EB4-AE74-15F25F6FC9B6}
	EndGlobalSection
EndGlobal
